
Microsoft Visual Studio Solution File, Format Version 12.00
# Visual Studio 2012
Project("{FAE04EC0-301F-11D3-BF4B-00C04F79EFBC}") = "MI9", "MI9\MI9.csproj", "{5ADB249D-43C7-4963-B080-D98BBACDC722}"
EndProject
Project("{FAE04EC0-301F-11D3-BF4B-00C04F79EFBC}") = "MI9.Tests", "MI9.Tests\MI9.Tests.csproj", "{4A1AE7FE-1997-427A-8729-6A1BA3C6E426}"
EndProject
Global
	GlobalSection(SolutionConfigurationPlatforms) = preSolution
		Debug|Any CPU = Debug|Any CPU
		Release|Any CPU = Release|Any CPU
	EndGlobalSection
	GlobalSection(ProjectConfigurationPlatforms) = postSolution
		{5ADB249D-43C7-4963-B080-D98BBACDC722}.Debug|Any CPU.ActiveCfg = Debug|Any CPU
		{5ADB249D-43C7-4963-B080-D98BBACDC722}.Debug|Any CPU.Build.0 = Debug|Any CPU
		{5ADB249D-43C7-4963-B080-D98BBACDC722}.Release|Any CPU.ActiveCfg = Release|Any CPU
		{5ADB249D-43C7-4963-B080-D98BBACDC722}.Release|Any CPU.Build.0 = Release|Any CPU
		{4A1AE7FE-1997-427A-8729-6A1BA3C6E426}.Debug|Any CPU.ActiveCfg = Debug|Any CPU
		{4A1AE7FE-1997-427A-8729-6A1BA3C6E426}.Debug|Any CPU.Build.0 = Debug|Any CPU
		{4A1AE7FE-1997-427A-8729-6A1BA3C6E426}.Release|Any CPU.ActiveCfg = Release|Any CPU
		{4A1AE7FE-1997-427A-8729-6A1BA3C6E426}.Release|Any CPU.Build.0 = Release|Any CPU
	EndGlobalSection
	GlobalSection(SolutionProperties) = preSolution
		HideSolutionNode = FALSE
	EndGlobalSection
EndGlobal
